<?xml version="1.0" encoding="UTF-8" standalone="yes" ?>
<CodeBlocks_project_file>
	<FileVersion major="1" minor="6" />
	<Project>
		<Option title="Asteroids" />
		<Option pch_mode="2" />
		<Option compiler="gcc" />
		<Build>
			<Target title="Debug">
				<Option output="bin/Debug/Asteroids" prefix_auto="1" extension_auto="1" />
				<Option object_output="obj/Debug/" />
				<Option type="1" />
				<Option compiler="gcc" />
				<Compiler>
					<Add option="-g" />
					<Add directory="include" />
				</Compiler>
			</Target>
			<Target title="Release">
				<Option output="bin/Release/Asteroids" prefix_auto="1" extension_auto="1" />
				<Option object_output="obj/Release/" />
				<Option type="1" />
				<Option compiler="gcc" />
				<Compiler>
					<Add option="-O2" />
					<Add directory="include" />
				</Compiler>
				<Linker>
					<Add option="-s" />
				</Linker>
			</Target>
		</Build>
		<Compiler>
			<Add option="-Wall" />
			<Add option="-std=c++11" />
			<Add directory="include" />
		</Compiler>
		<Linker>
			<Add library="SDL2" />
			<Add library="GLEW" />
			<Add library="GL" />
		</Linker>
		<Unit filename="include/asteroid.hpp" />
		<Unit filename="include/core/maths/Vector.hpp" />
		<Unit filename="include/graphics.hpp" />
		<Unit filename="include/model.hpp" />
		<Unit filename="include/spaceship.hpp" />
		<Unit filename="include/utilities/program.hpp" />
		<Unit filename="include/utilities/shader.hpp" />
		<Unit filename="shaders/fragment.glsl" />
		<Unit filename="shaders/vertex.glsl" />
		<Unit filename="src/asteroid.cpp" />
		<Unit filename="src/core/maths/Vector.cpp" />
		<Unit filename="src/graphics.cpp" />
		<Unit filename="src/main.cpp" />
		<Unit filename="src/model.cpp" />
		<Unit filename="src/spaceship.cpp" />
		<Unit filename="src/utilities/program.cpp" />
		<Unit filename="src/utilities/shader.cpp" />
		<Extensions>
			<code_completion />
			<debugger />
		</Extensions>
	</Project>
</CodeBlocks_project_file>
